
Microsoft Visual Studio Solution File, Format Version 12.00
# Visual Studio Version 16
VisualStudioVersion = 16.0.29424.173
MinimumVisualStudioVersion = 10.0.40219.1
Project("{8BC9CEB8-8B4A-11D0-8D11-00A0C91BC942}") = "1-1_rectangle", "1-1_rectangle\1-1_rectangle.vcxproj", "{20DB65EF-DA12-4365-823A-2AC3D46BA985}"
EndProject
Project("{2150E333-8FDC-42A3-9474-1A3956D46DE8}") = "exercise_1", "exercise_1", "{496800DE-BF3B-49A9-B282-79E44615E173}"
EndProject
Project("{8BC9CEB8-8B4A-11D0-8D11-00A0C91BC942}") = "1-2_ratings", "1-2_ratings\1-2_ratings.vcxproj", "{187AE212-682C-4924-B069-8594367B4B06}"
EndProject
Project("{8BC9CEB8-8B4A-11D0-8D11-00A0C91BC942}") = "1-2_ratings_bonus", "1-2_ratings_bonus\1-2_ratings_bonus.vcxproj", "{684C37AB-9E95-42E9-B6C7-C979E10E5635}"
EndProject
Project("{2150E333-8FDC-42A3-9474-1A3956D46DE8}") = "exercise_2", "exercise_2", "{194FCC79-296F-42F1-8352-7E2026236435}"
EndProject
Project("{8BC9CEB8-8B4A-11D0-8D11-00A0C91BC942}") = "2-1_visibility", "2-1_visibility\2-1_visibility.vcxproj", "{9A6EC6C7-04B3-434B-8970-6E6BD9A0D07E}"
EndProject
Project("{8BC9CEB8-8B4A-11D0-8D11-00A0C91BC942}") = "2-2_calcbox", "2-2_calcbox\2-2_calcbox.vcxproj", "{E836559C-7960-4388-8E57-1F0AF9AEED28}"
EndProject
Project("{8BC9CEB8-8B4A-11D0-8D11-00A0C91BC942}") = "2-3_pets", "2-3_pets\2-3_pets.vcxproj", "{946654D0-FDF8-48AC-89AE-0DFE9F938543}"
EndProject
Project("{2150E333-8FDC-42A3-9474-1A3956D46DE8}") = "exercise_3", "exercise_3", "{073308CD-1D5C-42D7-8DEC-999ED2B2AEC0}"
EndProject
Project("{8BC9CEB8-8B4A-11D0-8D11-00A0C91BC942}") = "3-a_canvas", "3-a_canvas\3-a_canvas.vcxproj", "{6394F9F6-D5D6-4F5F-B74C-3F04CC142E66}"
EndProject
Global
	GlobalSection(SolutionConfigurationPlatforms) = preSolution
		Debug|x64 = Debug|x64
		Debug|x86 = Debug|x86
		Release|x64 = Release|x64
		Release|x86 = Release|x86
	EndGlobalSection
	GlobalSection(ProjectConfigurationPlatforms) = postSolution
		{20DB65EF-DA12-4365-823A-2AC3D46BA985}.Debug|x64.ActiveCfg = Debug|x64
		{20DB65EF-DA12-4365-823A-2AC3D46BA985}.Debug|x64.Build.0 = Debug|x64
		{20DB65EF-DA12-4365-823A-2AC3D46BA985}.Debug|x86.ActiveCfg = Debug|Win32
		{20DB65EF-DA12-4365-823A-2AC3D46BA985}.Debug|x86.Build.0 = Debug|Win32
		{20DB65EF-DA12-4365-823A-2AC3D46BA985}.Release|x64.ActiveCfg = Release|x64
		{20DB65EF-DA12-4365-823A-2AC3D46BA985}.Release|x64.Build.0 = Release|x64
		{20DB65EF-DA12-4365-823A-2AC3D46BA985}.Release|x86.ActiveCfg = Release|Win32
		{20DB65EF-DA12-4365-823A-2AC3D46BA985}.Release|x86.Build.0 = Release|Win32
		{187AE212-682C-4924-B069-8594367B4B06}.Debug|x64.ActiveCfg = Debug|x64
		{187AE212-682C-4924-B069-8594367B4B06}.Debug|x64.Build.0 = Debug|x64
		{187AE212-682C-4924-B069-8594367B4B06}.Debug|x86.ActiveCfg = Debug|Win32
		{187AE212-682C-4924-B069-8594367B4B06}.Debug|x86.Build.0 = Debug|Win32
		{187AE212-682C-4924-B069-8594367B4B06}.Release|x64.ActiveCfg = Release|x64
		{187AE212-682C-4924-B069-8594367B4B06}.Release|x64.Build.0 = Release|x64
		{187AE212-682C-4924-B069-8594367B4B06}.Release|x86.ActiveCfg = Release|Win32
		{187AE212-682C-4924-B069-8594367B4B06}.Release|x86.Build.0 = Release|Win32
		{684C37AB-9E95-42E9-B6C7-C979E10E5635}.Debug|x64.ActiveCfg = Debug|x64
		{684C37AB-9E95-42E9-B6C7-C979E10E5635}.Debug|x64.Build.0 = Debug|x64
		{684C37AB-9E95-42E9-B6C7-C979E10E5635}.Debug|x86.ActiveCfg = Debug|Win32
		{684C37AB-9E95-42E9-B6C7-C979E10E5635}.Debug|x86.Build.0 = Debug|Win32
		{684C37AB-9E95-42E9-B6C7-C979E10E5635}.Release|x64.ActiveCfg = Release|x64
		{684C37AB-9E95-42E9-B6C7-C979E10E5635}.Release|x64.Build.0 = Release|x64
		{684C37AB-9E95-42E9-B6C7-C979E10E5635}.Release|x86.ActiveCfg = Release|Win32
		{684C37AB-9E95-42E9-B6C7-C979E10E5635}.Release|x86.Build.0 = Release|Win32
		{9A6EC6C7-04B3-434B-8970-6E6BD9A0D07E}.Debug|x64.ActiveCfg = Debug|x64
		{9A6EC6C7-04B3-434B-8970-6E6BD9A0D07E}.Debug|x64.Build.0 = Debug|x64
		{9A6EC6C7-04B3-434B-8970-6E6BD9A0D07E}.Debug|x86.ActiveCfg = Debug|Win32
		{9A6EC6C7-04B3-434B-8970-6E6BD9A0D07E}.Debug|x86.Build.0 = Debug|Win32
		{9A6EC6C7-04B3-434B-8970-6E6BD9A0D07E}.Release|x64.ActiveCfg = Release|x64
		{9A6EC6C7-04B3-434B-8970-6E6BD9A0D07E}.Release|x64.Build.0 = Release|x64
		{9A6EC6C7-04B3-434B-8970-6E6BD9A0D07E}.Release|x86.ActiveCfg = Release|Win32
		{9A6EC6C7-04B3-434B-8970-6E6BD9A0D07E}.Release|x86.Build.0 = Release|Win32
		{E836559C-7960-4388-8E57-1F0AF9AEED28}.Debug|x64.ActiveCfg = Debug|x64
		{E836559C-7960-4388-8E57-1F0AF9AEED28}.Debug|x64.Build.0 = Debug|x64
		{E836559C-7960-4388-8E57-1F0AF9AEED28}.Debug|x86.ActiveCfg = Debug|Win32
		{E836559C-7960-4388-8E57-1F0AF9AEED28}.Debug|x86.Build.0 = Debug|Win32
		{E836559C-7960-4388-8E57-1F0AF9AEED28}.Release|x64.ActiveCfg = Release|x64
		{E836559C-7960-4388-8E57-1F0AF9AEED28}.Release|x64.Build.0 = Release|x64
		{E836559C-7960-4388-8E57-1F0AF9AEED28}.Release|x86.ActiveCfg = Release|Win32
		{E836559C-7960-4388-8E57-1F0AF9AEED28}.Release|x86.Build.0 = Release|Win32
		{946654D0-FDF8-48AC-89AE-0DFE9F938543}.Debug|x64.ActiveCfg = Debug|x64
		{946654D0-FDF8-48AC-89AE-0DFE9F938543}.Debug|x64.Build.0 = Debug|x64
		{946654D0-FDF8-48AC-89AE-0DFE9F938543}.Debug|x86.ActiveCfg = Debug|Win32
		{946654D0-FDF8-48AC-89AE-0DFE9F938543}.Debug|x86.Build.0 = Debug|Win32
		{946654D0-FDF8-48AC-89AE-0DFE9F938543}.Release|x64.ActiveCfg = Release|x64
		{946654D0-FDF8-48AC-89AE-0DFE9F938543}.Release|x64.Build.0 = Release|x64
		{946654D0-FDF8-48AC-89AE-0DFE9F938543}.Release|x86.ActiveCfg = Release|Win32
		{946654D0-FDF8-48AC-89AE-0DFE9F938543}.Release|x86.Build.0 = Release|Win32
		{6394F9F6-D5D6-4F5F-B74C-3F04CC142E66}.Debug|x64.ActiveCfg = Debug|x64
		{6394F9F6-D5D6-4F5F-B74C-3F04CC142E66}.Debug|x64.Build.0 = Debug|x64
		{6394F9F6-D5D6-4F5F-B74C-3F04CC142E66}.Debug|x86.ActiveCfg = Debug|Win32
		{6394F9F6-D5D6-4F5F-B74C-3F04CC142E66}.Debug|x86.Build.0 = Debug|Win32
		{6394F9F6-D5D6-4F5F-B74C-3F04CC142E66}.Release|x64.ActiveCfg = Release|x64
		{6394F9F6-D5D6-4F5F-B74C-3F04CC142E66}.Release|x64.Build.0 = Release|x64
		{6394F9F6-D5D6-4F5F-B74C-3F04CC142E66}.Release|x86.ActiveCfg = Release|Win32
		{6394F9F6-D5D6-4F5F-B74C-3F04CC142E66}.Release|x86.Build.0 = Release|Win32
	EndGlobalSection
	GlobalSection(SolutionProperties) = preSolution
		HideSolutionNode = FALSE
	EndGlobalSection
	GlobalSection(NestedProjects) = preSolution
		{20DB65EF-DA12-4365-823A-2AC3D46BA985} = {496800DE-BF3B-49A9-B282-79E44615E173}
		{187AE212-682C-4924-B069-8594367B4B06} = {496800DE-BF3B-49A9-B282-79E44615E173}
		{684C37AB-9E95-42E9-B6C7-C979E10E5635} = {496800DE-BF3B-49A9-B282-79E44615E173}
		{9A6EC6C7-04B3-434B-8970-6E6BD9A0D07E} = {194FCC79-296F-42F1-8352-7E2026236435}
		{E836559C-7960-4388-8E57-1F0AF9AEED28} = {194FCC79-296F-42F1-8352-7E2026236435}
		{946654D0-FDF8-48AC-89AE-0DFE9F938543} = {194FCC79-296F-42F1-8352-7E2026236435}
		{6394F9F6-D5D6-4F5F-B74C-3F04CC142E66} = {073308CD-1D5C-42D7-8DEC-999ED2B2AEC0}
	EndGlobalSection
	GlobalSection(ExtensibilityGlobals) = postSolution
		SolutionGuid = {51B75FDE-C88D-42EC-BBD9-2BA83AB75895}
	EndGlobalSection
EndGlobal
